
Microsoft Visual Studio Solution File, Format Version 12.00
# Visual Studio Version 16
VisualStudioVersion = 16.0.30711.63
MinimumVisualStudioVersion = 10.0.40219.1
Project("{FAE04EC0-301F-11D3-BF4B-00C04F79EFBC}") = "TBBTDiscordBot", "TBBTDiscordBot\TBBTDiscordBot.csproj", "{F2313593-1361-49C1-ABF7-064F7E3487AF}"
EndProject
Global
	GlobalSection(SolutionConfigurationPlatforms) = preSolution
		Debug|Any CPU = Debug|Any CPU
		Release|Any CPU = Release|Any CPU
	EndGlobalSection
	GlobalSection(ProjectConfigurationPlatforms) = postSolution
		{F2313593-1361-49C1-ABF7-064F7E3487AF}.Debug|Any CPU.ActiveCfg = Debug|Any CPU
		{F2313593-1361-49C1-ABF7-064F7E3487AF}.Debug|Any CPU.Build.0 = Debug|Any CPU
		{F2313593-1361-49C1-ABF7-064F7E3487AF}.Release|Any CPU.ActiveCfg = Release|Any CPU
		{F2313593-1361-49C1-ABF7-064F7E3487AF}.Release|Any CPU.Build.0 = Release|Any CPU
	EndGlobalSection
	GlobalSection(SolutionProperties) = preSolution
		HideSolutionNode = FALSE
	EndGlobalSection
	GlobalSection(ExtensibilityGlobals) = postSolution
		SolutionGuid = {2FFDCE05-5BDA-4F5D-87CD-BBC8A012C249}
	EndGlobalSection
EndGlobal
